
Microsoft Visual Studio Solution File, Format Version 11.00
# Visual Studio 2010
Project("{FAE04EC0-301F-11D3-BF4B-00C04F79EFBC}") = "Assembly-CSharp", "Assembly-CSharp.csproj", "{4580e1af-ca42-0531-c3f4-9c6ef2d27529}"
EndProject
Project("{FAE04EC0-301F-11D3-BF4B-00C04F79EFBC}") = "AstarPathfindingProject", "AstarPathfindingProject.csproj", "{59333de5-d0fd-6363-eb7c-26db55bd6a36}"
EndProject
Project("{FAE04EC0-301F-11D3-BF4B-00C04F79EFBC}") = "Assembly-CSharp-firstpass", "Assembly-CSharp-firstpass.csproj", "{f997725c-cdcb-7548-9d53-39d80ba3f9e6}"
EndProject
Project("{FAE04EC0-301F-11D3-BF4B-00C04F79EFBC}") = "NavMeshComponents", "NavMeshComponents.csproj", "{f187d2d6-4a78-cd32-b040-6e3b5ed33667}"
EndProject
Project("{FAE04EC0-301F-11D3-BF4B-00C04F79EFBC}") = "AstarPathfindingProjectEditor", "AstarPathfindingProjectEditor.csproj", "{11ef6b61-ead9-d184-6370-9c8af86a7376}"
EndProject
Project("{FAE04EC0-301F-11D3-BF4B-00C04F79EFBC}") = "Assembly-CSharp-Editor-firstpass", "Assembly-CSharp-Editor-firstpass.csproj", "{0c3f6745-60b8-2556-c82a-8b1f338da086}"
EndProject
Project("{FAE04EC0-301F-11D3-BF4B-00C04F79EFBC}") = "PackageToolsEditor", "PackageToolsEditor.csproj", "{05e72925-67bb-539b-1ba0-1626b410f80e}"
EndProject
Project("{FAE04EC0-301F-11D3-BF4B-00C04F79EFBC}") = "NavMeshComponentsEditor", "NavMeshComponentsEditor.csproj", "{12f1c733-4e4d-6a5b-86e1-894d922ea7a0}"
EndProject
Global
	GlobalSection(SolutionConfigurationPlatforms) = preSolution
		Debug|Any CPU = Debug|Any CPU
	EndGlobalSection
	GlobalSection(ProjectConfigurationPlatforms) = postSolution
		{4580e1af-ca42-0531-c3f4-9c6ef2d27529}.Debug|Any CPU.ActiveCfg = Debug|Any CPU
		{4580e1af-ca42-0531-c3f4-9c6ef2d27529}.Debug|Any CPU.Build.0 = Debug|Any CPU
		{59333de5-d0fd-6363-eb7c-26db55bd6a36}.Debug|Any CPU.ActiveCfg = Debug|Any CPU
		{59333de5-d0fd-6363-eb7c-26db55bd6a36}.Debug|Any CPU.Build.0 = Debug|Any CPU
		{f997725c-cdcb-7548-9d53-39d80ba3f9e6}.Debug|Any CPU.ActiveCfg = Debug|Any CPU
		{f997725c-cdcb-7548-9d53-39d80ba3f9e6}.Debug|Any CPU.Build.0 = Debug|Any CPU
		{f187d2d6-4a78-cd32-b040-6e3b5ed33667}.Debug|Any CPU.ActiveCfg = Debug|Any CPU
		{f187d2d6-4a78-cd32-b040-6e3b5ed33667}.Debug|Any CPU.Build.0 = Debug|Any CPU
		{11ef6b61-ead9-d184-6370-9c8af86a7376}.Debug|Any CPU.ActiveCfg = Debug|Any CPU
		{11ef6b61-ead9-d184-6370-9c8af86a7376}.Debug|Any CPU.Build.0 = Debug|Any CPU
		{0c3f6745-60b8-2556-c82a-8b1f338da086}.Debug|Any CPU.ActiveCfg = Debug|Any CPU
		{0c3f6745-60b8-2556-c82a-8b1f338da086}.Debug|Any CPU.Build.0 = Debug|Any CPU
		{05e72925-67bb-539b-1ba0-1626b410f80e}.Debug|Any CPU.ActiveCfg = Debug|Any CPU
		{05e72925-67bb-539b-1ba0-1626b410f80e}.Debug|Any CPU.Build.0 = Debug|Any CPU
		{12f1c733-4e4d-6a5b-86e1-894d922ea7a0}.Debug|Any CPU.ActiveCfg = Debug|Any CPU
		{12f1c733-4e4d-6a5b-86e1-894d922ea7a0}.Debug|Any CPU.Build.0 = Debug|Any CPU
	EndGlobalSection
	GlobalSection(SolutionProperties) = preSolution
		HideSolutionNode = FALSE
	EndGlobalSection
EndGlobal
